// !$*UTF8*$!
{
	archiveVersion = 1;
	classes = {
	};
	objectVersion = 48;
	objects = {

/* Begin PBXBuildFile section */
		A84F194D200FE63600CBFFE2 /* ListTableViewController.swift in Sources */ = {isa = PBXBuildFile; fileRef = A84F194C200FE63600CBFFE2 /* ListTableViewController.swift */; };
		A84F194F200FE88400CBFFE2 /* AddViewController.swift in Sources */ = {isa = PBXBuildFile; fileRef = A84F194E200FE88400CBFFE2 /* AddViewController.swift */; };
		A84F1951200FED6F00CBFFE2 /* AddViewControllerDelegate.swift in Sources */ = {isa = PBXBuildFile; fileRef = A84F1950200FED6F00CBFFE2 /* AddViewControllerDelegate.swift */; };
		A859474D200DC06D004B4495 /* AppDelegate.swift in Sources */ = {isa = PBXBuildFile; fileRef = A859474C200DC06D004B4495 /* AppDelegate.swift */; };
		A8594752200DC06D004B4495 /* Main.storyboard in Resources */ = {isa = PBXBuildFile; fileRef = A8594750200DC06D004B4495 /* Main.storyboard */; };
		A8594754200DC06E004B4495 /* Assets.xcassets in Resources */ = {isa = PBXBuildFile; fileRef = A8594753200DC06E004B4495 /* Assets.xcassets */; };
		A8594757200DC06E004B4495 /* LaunchScreen.storyboard in Resources */ = {isa = PBXBuildFile; fileRef = A8594755200DC06E004B4495 /* LaunchScreen.storyboard */; };
		A8594762200DC06E004B4495 /* tasksTests.swift in Sources */ = {isa = PBXBuildFile; fileRef = A8594761200DC06E004B4495 /* tasksTests.swift */; };
		A859476D200DC06E004B4495 /* tasksUITests.swift in Sources */ = {isa = PBXBuildFile; fileRef = A859476C200DC06E004B4495 /* tasksUITests.swift */; };
/* End PBXBuildFile section */

/* Begin PBXContainerItemProxy section */
		A859475E200DC06E004B4495 /* PBXContainerItemProxy */ = {
			isa = PBXContainerItemProxy;
			containerPortal = A8594741200DC06D004B4495 /* Project object */;
			proxyType = 1;
			remoteGlobalIDString = A8594748200DC06D004B4495;
			remoteInfo = tasks;
		};
		A8594769200DC06E004B4495 /* PBXContainerItemProxy */ = {
			isa = PBXContainerItemProxy;
			containerPortal = A8594741200DC06D004B4495 /* Project object */;
			proxyType = 1;
			remoteGlobalIDString = A8594748200DC06D004B4495;
			remoteInfo = tasks;
		};
/* End PBXContainerItemProxy section */

/* Begin PBXFileReference section */
		A84F194C200FE63600CBFFE2 /* ListTableViewController.swift */ = {isa = PBXFileReference; lastKnownFileType = sourcecode.swift; path = ListTableViewController.swift; sourceTree = "<group>"; };
		A84F194E200FE88400CBFFE2 /* AddViewController.swift */ = {isa = PBXFileReference; lastKnownFileType = sourcecode.swift; path = AddViewController.swift; sourceTree = "<group>"; };
		A84F1950200FED6F00CBFFE2 /* AddViewControllerDelegate.swift */ = {isa = PBXFileReference; lastKnownFileType = sourcecode.swift; path = AddViewControllerDelegate.swift; sourceTree = "<group>"; };
		A8594749200DC06D004B4495 /* tasks.app */ = {isa = PBXFileReference; explicitFileType = wrapper.application; includeInIndex = 0; path = tasks.app; sourceTree = BUILT_PRODUCTS_DIR; };
		A859474C200DC06D004B4495 /* AppDelegate.swift */ = {isa = PBXFileReference; lastKnownFileType = sourcecode.swift; path = AppDelegate.swift; sourceTree = "<group>"; };
		A8594751200DC06D004B4495 /* Base */ = {isa = PBXFileReference; lastKnownFileType = file.storyboard; name = Base; path = Base.lproj/Main.storyboard; sourceTree = "<group>"; };
		A8594753200DC06E004B4495 /* Assets.xcassets */ = {isa = PBXFileReference; lastKnownFileType = folder.assetcatalog; path = Assets.xcassets; sourceTree = "<group>"; };
		A8594756200DC06E004B4495 /* Base */ = {isa = PBXFileReference; lastKnownFileType = file.storyboard; name = Base; path = Base.lproj/LaunchScreen.storyboard; sourceTree = "<group>"; };
		A8594758200DC06E004B4495 /* Info.plist */ = {isa = PBXFileReference; lastKnownFileType = text.plist.xml; path = Info.plist; sourceTree = "<group>"; };
		A859475D200DC06E004B4495 /* tasksTests.xctest */ = {isa = PBXFileReference; explicitFileType = wrapper.cfbundle; includeInIndex = 0; path = tasksTests.xctest; sourceTree = BUILT_PRODUCTS_DIR; };
		A8594761200DC06E004B4495 /* tasksTests.swift */ = {isa = PBXFileReference; lastKnownFileType = sourcecode.swift; path = tasksTests.swift; sourceTree = "<group>"; };
		A8594763200DC06E004B4495 /* Info.plist */ = {isa = PBXFileReference; lastKnownFileType = text.plist.xml; path = Info.plist; sourceTree = "<group>"; };
		A8594768200DC06E004B4495 /* tasksUITests.xctest */ = {isa = PBXFileReference; explicitFileType = wrapper.cfbundle; includeInIndex = 0; path = tasksUITests.xctest; sourceTree = BUILT_PRODUCTS_DIR; };
		A859476C200DC06E004B4495 /* tasksUITests.swift */ = {isa = PBXFileReference; lastKnownFileType = sourcecode.swift; path = tasksUITests.swift; sourceTree = "<group>"; };
		A859476E200DC06E004B4495 /* Info.plist */ = {isa = PBXFileReference; lastKnownFileType = text.plist.xml; path = Info.plist; sourceTree = "<group>"; };
/* End PBXFileReference section */

/* Begin PBXFrameworksBuildPhase section */
		A8594746200DC06D004B4495 /* Frameworks */ = {
			isa = PBXFrameworksBuildPhase;
			buildActionMask = 2147483647;
			files = (
			);
			runOnlyForDeploymentPostprocessing = 0;
		};
		A859475A200DC06E004B4495 /* Frameworks */ = {
			isa = PBXFrameworksBuildPhase;
			buildActionMask = 2147483647;
			files = (
			);
			runOnlyForDeploymentPostprocessing = 0;
		};
		A8594765200DC06E004B4495 /* Frameworks */ = {
			isa = PBXFrameworksBuildPhase;
			buildActionMask = 2147483647;
			files = (
			);
			runOnlyForDeploymentPostprocessing = 0;
		};
/* End PBXFrameworksBuildPhase section */

/* Begin PBXGroup section */
		A8594740200DC06D004B4495 = {
			isa = PBXGroup;
			children = (
				A859474B200DC06D004B4495 /* tasks */,
				A8594760200DC06E004B4495 /* tasksTests */,
				A859476B200DC06E004B4495 /* tasksUITests */,
				A859474A200DC06D004B4495 /* Products */,
			);
			sourceTree = "<group>";
		};
		A859474A200DC06D004B4495 /* Products */ = {
			isa = PBXGroup;
			children = (
				A8594749200DC06D004B4495 /* tasks.app */,
				A859475D200DC06E004B4495 /* tasksTests.xctest */,
				A8594768200DC06E004B4495 /* tasksUITests.xctest */,
			);
			name = Products;
			sourceTree = "<group>";
		};
		A859474B200DC06D004B4495 /* tasks */ = {
			isa = PBXGroup;
			children = (
				A84F1950200FED6F00CBFFE2 /* AddViewControllerDelegate.swift */,
				A859474C200DC06D004B4495 /* AppDelegate.swift */,
				A8594750200DC06D004B4495 /* Main.storyboard */,
				A8594753200DC06E004B4495 /* Assets.xcassets */,
				A8594755200DC06E004B4495 /* LaunchScreen.storyboard */,
				A8594758200DC06E004B4495 /* Info.plist */,
				A84F194C200FE63600CBFFE2 /* ListTableViewController.swift */,
				A84F194E200FE88400CBFFE2 /* AddViewController.swift */,
			);
			path = tasks;
			sourceTree = "<group>";
		};
		A8594760200DC06E004B4495 /* tasksTests */ = {
			isa = PBXGroup;
			children = (
				A8594761200DC06E004B4495 /* tasksTests.swift */,
				A8594763200DC06E004B4495 /* Info.plist */,
			);
			path = tasksTests;
			sourceTree = "<group>";
		};
		A859476B200DC06E004B4495 /* tasksUITests */ = {
			isa = PBXGroup;
			children = (
				A859476C200DC06E004B4495 /* tasksUITests.swift */,
				A859476E200DC06E004B4495 /* Info.plist */,
			);
			path = tasksUITests;
			sourceTree = "<group>";
		};
/* End PBXGroup section */

/* Begin PBXNativeTarget section */
		A8594748200DC06D004B4495 /* tasks */ = {
			isa = PBXNativeTarget;
			buildConfigurationList = A8594771200DC06E004B4495 /* Build configuration list for PBXNativeTarget "tasks" */;
			buildPhases = (
				A8594745200DC06D004B4495 /* Sources */,
				A8594746200DC06D004B4495 /* Frameworks */,
				A8594747200DC06D004B4495 /* Resources */,
			);
			buildRules = (
			);
			dependencies = (
			);
			name = tasks;
			productName = tasks;
			productReference = A8594749200DC06D004B4495 /* tasks.app */;
			productType = "com.apple.product-type.application";
		};
		A859475C200DC06E004B4495 /* tasksTests */ = {
			isa = PBXNativeTarget;
			buildConfigurationList = A8594774200DC06E004B4495 /* Build configuration list for PBXNativeTarget "tasksTests" */;
			buildPhases = (
				A8594759200DC06E004B4495 /* Sources */,
				A859475A200DC06E004B4495 /* Frameworks */,
				A859475B200DC06E004B4495 /* Resources */,
			);
			buildRules = (
			);
			dependencies = (
				A859475F200DC06E004B4495 /* PBXTargetDependency */,
			);
			name = tasksTests;
			productName = tasksTests;
			productReference = A859475D200DC06E004B4495 /* tasksTests.xctest */;
			productType = "com.apple.product-type.bundle.unit-test";
		};
		A8594767200DC06E004B4495 /* tasksUITests */ = {
			isa = PBXNativeTarget;
			buildConfigurationList = A8594777200DC06E004B4495 /* Build configuration list for PBXNativeTarget "tasksUITests" */;
			buildPhases = (
				A8594764200DC06E004B4495 /* Sources */,
				A8594765200DC06E004B4495 /* Frameworks */,
				A8594766200DC06E004B4495 /* Resources */,
			);
			buildRules = (
			);
			dependencies = (
				A859476A200DC06E004B4495 /* PBXTargetDependency */,
			);
			name = tasksUITests;
			productName = tasksUITests;
			productReference = A8594768200DC06E004B4495 /* tasksUITests.xctest */;
			productType = "com.apple.product-type.bundle.ui-testing";
		};
/* End PBXNativeTarget section */

/* Begin PBXProject section */
		A8594741200DC06D004B4495 /* Project object */ = {
			isa = PBXProject;
			attributes = {
				LastSwiftUpdateCheck = 0920;
				LastUpgradeCheck = 0920;
				ORGANIZATIONNAME = "Rachel Ng";
				TargetAttributes = {
					A8594748200DC06D004B4495 = {
						CreatedOnToolsVersion = 9.2;
						ProvisioningStyle = Automatic;
					};
					A859475C200DC06E004B4495 = {
						CreatedOnToolsVersion = 9.2;
						ProvisioningStyle = Automatic;
						TestTargetID = A8594748200DC06D004B4495;
					};
					A8594767200DC06E004B4495 = {
						CreatedOnToolsVersion = 9.2;
						ProvisioningStyle = Automatic;
						TestTargetID = A8594748200DC06D004B4495;
					};
				};
			};
			buildConfigurationList = A8594744200DC06D004B4495 /* Build configuration list for PBXProject "tasks" */;
			compatibilityVersion = "Xcode 8.0";
			developmentRegion = en;
			hasScannedForEncodings = 0;
			knownRegions = (
				en,
				Base,
			);
			mainGroup = A8594740200DC06D004B4495;
			productRefGroup = A859474A200DC06D004B4495 /* Products */;
			projectDirPath = "";
			projectRoot = "";
			targets = (
				A8594748200DC06D004B4495 /* tasks */,
				A859475C200DC06E004B4495 /* tasksTests */,
				A8594767200DC06E004B4495 /* tasksUITests */,
			);
		};
/* End PBXProject section */

/* Begin PBXResourcesBuildPhase section */
		A8594747200DC06D004B4495 /* Resources */ = {
			isa = PBXResourcesBuildPhase;
			buildActionMask = 2147483647;
			files = (
				A8594757200DC06E004B4495 /* LaunchScreen.storyboard in Resources */,
				A8594754200DC06E004B4495 /* Assets.xcassets in Resources */,
				A8594752200DC06D004B4495 /* Main.storyboard in Resources */,
			);
			runOnlyForDeploymentPostprocessing = 0;
		};
		A859475B200DC06E004B4495 /* Resources */ = {
			isa = PBXResourcesBuildPhase;
			buildActionMask = 2147483647;
			files = (
			);
			runOnlyForDeploymentPostprocessing = 0;
		};
		A8594766200DC06E004B4495 /* Resources */ = {
			isa = PBXResourcesBuildPhase;
			buildActionMask = 2147483647;
			files = (
			);
			runOnlyForDeploymentPostprocessing = 0;
		};
/* End PBXResourcesBuildPhase section */

/* Begin PBXSourcesBuildPhase section */
		A8594745200DC06D004B4495 /* Sources */ = {
			isa = PBXSourcesBuildPhase;
			buildActionMask = 2147483647;
			files = (
				A859474D200DC06D004B4495 /* AppDelegate.swift in Sources */,
				A84F1951200FED6F00CBFFE2 /* AddViewControllerDelegate.swift in Sources */,
				A84F194D200FE63600CBFFE2 /* ListTableViewController.swift in Sources */,
				A84F194F200FE88400CBFFE2 /* AddViewController.swift in Sources */,
			);
			runOnlyForDeploymentPostprocessing = 0;
		};
		A8594759200DC06E004B4495 /* Sources */ = {
			isa = PBXSourcesBuildPhase;
			buildActionMask = 2147483647;
			files = (
				A8594762200DC06E004B4495 /* tasksTests.swift in Sources */,
			);
			runOnlyForDeploymentPostprocessing = 0;
		};
		A8594764200DC06E004B4495 /* Sources */ = {
			isa = PBXSourcesBuildPhase;
			buildActionMask = 2147483647;
			files = (
				A859476D200DC06E004B4495 /* tasksUITests.swift in Sources */,
			);
			runOnlyForDeploymentPostprocessing = 0;
		};
/* End PBXSourcesBuildPhase section */

/* Begin PBXTargetDependency section */
		A859475F200DC06E004B4495 /* PBXTargetDependency */ = {
			isa = PBXTargetDependency;
			target = A8594748200DC06D004B4495 /* tasks */;
			targetProxy = A859475E200DC06E004B4495 /* PBXContainerItemProxy */;
		};
		A859476A200DC06E004B4495 /* PBXTargetDependency */ = {
			isa = PBXTargetDependency;
			target = A8594748200DC06D004B4495 /* tasks */;
			targetProxy = A8594769200DC06E004B4495 /* PBXContainerItemProxy */;
		};
/* End PBXTargetDependency section */

/* Begin PBXVariantGroup section */
		A8594750200DC06D004B4495 /* Main.storyboard */ = {
			isa = PBXVariantGroup;
			children = (
				A8594751200DC06D004B4495 /* Base */,
			);
			name = Main.storyboard;
			sourceTree = "<group>";
		};
		A8594755200DC06E004B4495 /* LaunchScreen.storyboard */ = {
			isa = PBXVariantGroup;
			children = (
				A8594756200DC06E004B4495 /* Base */,
			);
			name = LaunchScreen.storyboard;
			sourceTree = "<group>";
		};
/* End PBXVariantGroup section */

/* Begin XCBuildConfiguration section */
		A859476F200DC06E004B4495 /* Debug */ = {
			isa = XCBuildConfiguration;
			buildSettings = {
				ALWAYS_SEARCH_USER_PATHS = NO;
				CLANG_ANALYZER_NONNULL = YES;
				CLANG_ANALYZER_NUMBER_OBJECT_CONVERSION = YES_AGGRESSIVE;
				CLANG_CXX_LANGUAGE_STANDARD = "gnu++14";
				CLANG_CXX_LIBRARY = "libc++";
				CLANG_ENABLE_MODULES = YES;
				CLANG_ENABLE_OBJC_ARC = YES;
				CLANG_WARN_BLOCK_CAPTURE_AUTORELEASING = YES;
				CLANG_WARN_BOOL_CONVERSION = YES;
				CLANG_WARN_COMMA = YES;
				CLANG_WARN_CONSTANT_CONVERSION = YES;
				CLANG_WARN_DIRECT_OBJC_ISA_USAGE = YES_ERROR;
				CLANG_WARN_DOCUMENTATION_COMMENTS = YES;
				CLANG_WARN_EMPTY_BODY = YES;
				CLANG_WARN_ENUM_CONVERSION = YES;
				CLANG_WARN_INFINITE_RECURSION = YES;
				CLANG_WARN_INT_CONVERSION = YES;
				CLANG_WARN_NON_LITERAL_NULL_CONVERSION = YES;
				CLANG_WARN_OBJC_LITERAL_CONVERSION = YES;
				CLANG_WARN_OBJC_ROOT_CLASS = YES_ERROR;
				CLANG_WARN_RANGE_LOOP_ANALYSIS = YES;
				CLANG_WARN_STRICT_PROTOTYPES = YES;
				CLANG_WARN_SUSPICIOUS_MOVE = YES;
				CLANG_WARN_UNGUARDED_AVAILABILITY = YES_AGGRESSIVE;
				CLANG_WARN_UNREACHABLE_CODE = YES;
				CLANG_WARN__DUPLICATE_METHOD_MATCH = YES;
				CODE_SIGN_IDENTITY = "iPhone Developer";
				COPY_PHASE_STRIP = NO;
				DEBUG_INFORMATION_FORMAT = dwarf;
				ENABLE_STRICT_OBJC_MSGSEND = YES;
				ENABLE_TESTABILITY = YES;
				GCC_C_LANGUAGE_STANDARD = gnu11;
				GCC_DYNAMIC_NO_PIC = NO;
				GCC_NO_COMMON_BLOCKS = YES;
				GCC_OPTIMIZATION_LEVEL = 0;
				GCC_PREPROCESSOR_DEFINITIONS = (
					"DEBUG=1",
					"$(inherited)",
				);
				GCC_WARN_64_TO_32_BIT_CONVERSION = YES;
				GCC_WARN_ABOUT_RETURN_TYPE = YES_ERROR;
				GCC_WARN_UNDECLARED_SELECTOR = YES;
				GCC_WARN_UNINITIALIZED_AUTOS = YES_AGGRESSIVE;
				GCC_WARN_UNUSED_FUNCTION = YES;
				GCC_WARN_UNUSED_VARIABLE = YES;
				IPHONEOS_DEPLOYMENT_TARGET = 11.2;
				MTL_ENABLE_DEBUG_INFO = YES;
				ONLY_ACTIVE_ARCH = YES;
				SDKROOT = iphoneos;
				SWIFT_ACTIVE_COMPILATION_CONDITIONS = DEBUG;
				SWIFT_OPTIMIZATION_LEVEL = "-Onone";
			};
			name = Debug;
		};
		A8594770200DC06E004B4495 /* Release */ = {
			isa = XCBuildConfiguration;
			buildSettings = {
				ALWAYS_SEARCH_USER_PATHS = NO;
				CLANG_ANALYZER_NONNULL = YES;
				CLANG_ANALYZER_NUMBER_OBJECT_CONVERSION = YES_AGGRESSIVE;
				CLANG_CXX_LANGUAGE_STANDARD = "gnu++14";
				CLANG_CXX_LIBRARY = "libc++";
				CLANG_ENABLE_MODULES = YES;
				CLANG_ENABLE_OBJC_ARC = YES;
				CLANG_WARN_BLOCK_CAPTURE_AUTORELEASING = YES;
				CLANG_WARN_BOOL_CONVERSION = YES;
				CLANG_WARN_COMMA = YES;
				CLANG_WARN_CONSTANT_CONVERSION = YES;
				CLANG_WARN_DIRECT_OBJC_ISA_USAGE = YES_ERROR;
				CLANG_WARN_DOCUMENTATION_COMMENTS = YES;
				CLANG_WARN_EMPTY_BODY = YES;
				CLANG_WARN_ENUM_CONVERSION = YES;
				CLANG_WARN_INFINITE_RECURSION = YES;
				CLANG_WARN_INT_CONVERSION = YES;
				CLANG_WARN_NON_LITERAL_NULL_CONVERSION = YES;
				CLANG_WARN_OBJC_LITERAL_CONVERSION = YES;
				CLANG_WARN_OBJC_ROOT_CLASS = YES_ERROR;
				CLANG_WARN_RANGE_LOOP_ANALYSIS = YES;
				CLANG_WARN_STRICT_PROTOTYPES = YES;
				CLANG_WARN_SUSPICIOUS_MOVE = YES;
				CLANG_WARN_UNGUARDED_AVAILABILITY = YES_AGGRESSIVE;
				CLANG_WARN_UNREACHABLE_CODE = YES;
				CLANG_WARN__DUPLICATE_METHOD_MATCH = YES;
				CODE_SIGN_IDENTITY = "iPhone Developer";
				COPY_PHASE_STRIP = NO;
				DEBUG_INFORMATION_FORMAT = "dwarf-with-dsym";
				ENABLE_NS_ASSERTIONS = NO;
				ENABLE_STRICT_OBJC_MSGSEND = YES;
				GCC_C_LANGUAGE_STANDARD = gnu11;
				GCC_NO_COMMON_BLOCKS = YES;
				GCC_WARN_64_TO_32_BIT_CONVERSION = YES;
				GCC_WARN_ABOUT_RETURN_TYPE = YES_ERROR;
				GCC_WARN_UNDECLARED_SELECTOR = YES;
				GCC_WARN_UNINITIALIZED_AUTOS = YES_AGGRESSIVE;
				GCC_WARN_UNUSED_FUNCTION = YES;
				GCC_WARN_UNUSED_VARIABLE = YES;
				IPHONEOS_DEPLOYMENT_TARGET = 11.2;
				MTL_ENABLE_DEBUG_INFO = NO;
				SDKROOT = iphoneos;
				SWIFT_OPTIMIZATION_LEVEL = "-Owholemodule";
				VALIDATE_PRODUCT = YES;
			};
			name = Release;
		};
		A8594772200DC06E004B4495 /* Debug */ = {
			isa = XCBuildConfiguration;
			buildSettings = {
				ASSETCATALOG_COMPILER_APPICON_NAME = AppIcon;
				CODE_SIGN_STYLE = Automatic;
				DEVELOPMENT_TEAM = LAP87QP52V;
				INFOPLIST_FILE = tasks/Info.plist;
				LD_RUNPATH_SEARCH_PATHS = "$(inherited) @executable_path/Frameworks";
				PRODUCT_BUNDLE_IDENTIFIER = com.mancng.tasks;
				PRODUCT_NAME = "$(TARGET_NAME)";
				SWIFT_VERSION = 4.0;
				TARGETED_DEVICE_FAMILY = "1,2";
			};
			name = Debug;
		};
		A8594773200DC06E004B4495 /* Release */ = {
			isa = XCBuildConfiguration;
			buildSettings = {
				ASSETCATALOG_COMPILER_APPICON_NAME = AppIcon;
				CODE_SIGN_STYLE = Automatic;
				DEVELOPMENT_TEAM = LAP87QP52V;
				INFOPLIST_FILE = tasks/Info.plist;
				LD_RUNPATH_SEARCH_PATHS = "$(inherited) @executable_path/Frameworks";
				PRODUCT_BUNDLE_IDENTIFIER = com.mancng.tasks;
				PRODUCT_NAME = "$(TARGET_NAME)";
				SWIFT_VERSION = 4.0;
				TARGETED_DEVICE_FAMILY = "1,2";
			};
			name = Release;
		};
		A8594775200DC06E004B4495 /* Debug */ = {
			isa = XCBuildConfiguration;
			buildSettings = {
				ALWAYS_EMBED_SWIFT_STANDARD_LIBRARIES = YES;
				BUNDLE_LOADER = "$(TEST_HOST)";
				CODE_SIGN_STYLE = Automatic;
				DEVELOPMENT_TEAM = LAP87QP52V;
				INFOPLIST_FILE = tasksTests/Info.plist;
				LD_RUNPATH_SEARCH_PATHS = "$(inherited) @executable_path/Frameworks @loader_path/Frameworks";
				PRODUCT_BUNDLE_IDENTIFIER = com.mancng.tasksTests;
				PRODUCT_NAME = "$(TARGET_NAME)";
				SWIFT_VERSION = 4.0;
				TARGETED_DEVICE_FAMILY = "1,2";
				TEST_HOST = "$(BUILT_PRODUCTS_DIR)/tasks.app/tasks";
			};
			name = Debug;
		};
		A8594776200DC06E004B4495 /* Release */ = {
			isa = XCBuildConfiguration;
			buildSettings = {
				ALWAYS_EMBED_SWIFT_STANDARD_LIBRARIES = YES;
				BUNDLE_LOADER = "$(TEST_HOST)";
				CODE_SIGN_STYLE = Automatic;
				DEVELOPMENT_TEAM = LAP87QP52V;
				INFOPLIST_FILE = tasksTests/Info.plist;
				LD_RUNPATH_SEARCH_PATHS = "$(inherited) @executable_path/Frameworks @loader_path/Frameworks";
				PRODUCT_BUNDLE_IDENTIFIER = com.mancng.tasksTests;
				PRODUCT_NAME = "$(TARGET_NAME)";
				SWIFT_VERSION = 4.0;
				TARGETED_DEVICE_FAMILY = "1,2";
				TEST_HOST = "$(BUILT_PRODUCTS_DIR)/tasks.app/tasks";
			};
			name = Release;
		};
		A8594778200DC06E004B4495 /* Debug */ = {
			isa = XCBuildConfiguration;
			buildSettings = {
				ALWAYS_EMBED_SWIFT_STANDARD_LIBRARIES = YES;
				CODE_SIGN_STYLE = Automatic;
				DEVELOPMENT_TEAM = LAP87QP52V;
				INFOPLIST_FILE = tasksUITests/Info.plist;
				LD_RUNPATH_SEARCH_PATHS = "$(inherited) @executable_path/Frameworks @loader_path/Frameworks";
				PRODUCT_BUNDLE_IDENTIFIER = com.mancng.tasksUITests;
				PRODUCT_NAME = "$(TARGET_NAME)";
				SWIFT_VERSION = 4.0;
				TARGETED_DEVICE_FAMILY = "1,2";
				TEST_TARGET_NAME = tasks;
			};
			name = Debug;
		};
		A8594779200DC06E004B4495 /* Release */ = {
			isa = XCBuildConfiguration;
			buildSettings = {
				ALWAYS_EMBED_SWIFT_STANDARD_LIBRARIES = YES;
				CODE_SIGN_STYLE = Automatic;
				DEVELOPMENT_TEAM = LAP87QP52V;
				INFOPLIST_FILE = tasksUITests/Info.plist;
				LD_RUNPATH_SEARCH_PATHS = "$(inherited) @executable_path/Frameworks @loader_path/Frameworks";
				PRODUCT_BUNDLE_IDENTIFIER = com.mancng.tasksUITests;
				PRODUCT_NAME = "$(TARGET_NAME)";
				SWIFT_VERSION = 4.0;
				TARGETED_DEVICE_FAMILY = "1,2";
				TEST_TARGET_NAME = tasks;
			};
			name = Release;
		};
/* End XCBuildConfiguration section */

/* Begin XCConfigurationList section */
		A8594744200DC06D004B4495 /* Build configuration list for PBXProject "tasks" */ = {
			isa = XCConfigurationList;
			buildConfigurations = (
				A859476F200DC06E004B4495 /* Debug */,
				A8594770200DC06E004B4495 /* Release */,
			);
			defaultConfigurationIsVisible = 0;
			defaultConfigurationName = Release;
		};
		A8594771200DC06E004B4495 /* Build configuration list for PBXNativeTarget "tasks" */ = {
			isa = XCConfigurationList;
			buildConfigurations = (
				A8594772200DC06E004B4495 /* Debug */,
				A8594773200DC06E004B4495 /* Release */,
			);
			defaultConfigurationIsVisible = 0;
			defaultConfigurationName = Release;
		};
		A8594774200DC06E004B4495 /* Build configuration list for PBXNativeTarget "tasksTests" */ = {
			isa = XCConfigurationList;
			buildConfigurations = (
				A8594775200DC06E004B4495 /* Debug */,
				A8594776200DC06E004B4495 /* Release */,
			);
			defaultConfigurationIsVisible = 0;
			defaultConfigurationName = Release;
		};
		A8594777200DC06E004B4495 /* Build configuration list for PBXNativeTarget "tasksUITests" */ = {
			isa = XCConfigurationList;
			buildConfigurations = (
				A8594778200DC06E004B4495 /* Debug */,
				A8594779200DC06E004B4495 /* Release */,
			);
			defaultConfigurationIsVisible = 0;
			defaultConfigurationName = Release;
		};
/* End XCConfigurationList section */
	};
	rootObject = A8594741200DC06D004B4495 /* Project object */;
}
